
Microsoft Visual Studio Solution File, Format Version 12.00
# Visual Studio Version 17
VisualStudioVersion = 17.14.36109.1 d17.14
MinimumVisualStudioVersion = 10.0.40219.1
Project("{FAE04EC0-301F-11D3-BF4B-00C04F79EFBC}") = "Baitap6", "Baitap6\Baitap6.csproj", "{7FA9323A-F352-4959-BD92-43DCC119FC52}"
EndProject
Global
	GlobalSection(SolutionConfigurationPlatforms) = preSolution
		Debug|Any CPU = Debug|Any CPU
		Release|Any CPU = Release|Any CPU
	EndGlobalSection
	GlobalSection(ProjectConfigurationPlatforms) = postSolution
		{7FA9323A-F352-4959-BD92-43DCC119FC52}.Debug|Any CPU.ActiveCfg = Debug|Any CPU
		{7FA9323A-F352-4959-BD92-43DCC119FC52}.Debug|Any CPU.Build.0 = Debug|Any CPU
		{7FA9323A-F352-4959-BD92-43DCC119FC52}.Release|Any CPU.ActiveCfg = Release|Any CPU
		{7FA9323A-F352-4959-BD92-43DCC119FC52}.Release|Any CPU.Build.0 = Release|Any CPU
	EndGlobalSection
	GlobalSection(SolutionProperties) = preSolution
		HideSolutionNode = FALSE
	EndGlobalSection
	GlobalSection(ExtensibilityGlobals) = postSolution
		SolutionGuid = {39893C73-58E3-4A7E-9761-FA14C1B996D7}
	EndGlobalSection
EndGlobal
