
Microsoft Visual Studio Solution File, Format Version 12.00
# Visual Studio Version 17
VisualStudioVersion = 17.14.36109.1 d17.14
MinimumVisualStudioVersion = 10.0.40219.1
Project("{FAE04EC0-301F-11D3-BF4B-00C04F79EFBC}") = "Baitap3", "Baitap3\Baitap3.csproj", "{12D0A599-6977-49DF-853F-5F8B34962415}"
EndProject
Global
	GlobalSection(SolutionConfigurationPlatforms) = preSolution
		Debug|Any CPU = Debug|Any CPU
		Release|Any CPU = Release|Any CPU
	EndGlobalSection
	GlobalSection(ProjectConfigurationPlatforms) = postSolution
		{12D0A599-6977-49DF-853F-5F8B34962415}.Debug|Any CPU.ActiveCfg = Debug|Any CPU
		{12D0A599-6977-49DF-853F-5F8B34962415}.Debug|Any CPU.Build.0 = Debug|Any CPU
		{12D0A599-6977-49DF-853F-5F8B34962415}.Release|Any CPU.ActiveCfg = Release|Any CPU
		{12D0A599-6977-49DF-853F-5F8B34962415}.Release|Any CPU.Build.0 = Release|Any CPU
	EndGlobalSection
	GlobalSection(SolutionProperties) = preSolution
		HideSolutionNode = FALSE
	EndGlobalSection
	GlobalSection(ExtensibilityGlobals) = postSolution
		SolutionGuid = {06C93C0A-DC45-4B90-AF0C-62D22BE44A66}
	EndGlobalSection
EndGlobal
