
Microsoft Visual Studio Solution File, Format Version 12.00
# Visual Studio Version 17
VisualStudioVersion = 17.14.36109.1 d17.14
MinimumVisualStudioVersion = 10.0.40219.1
Project("{FAE04EC0-301F-11D3-BF4B-00C04F79EFBC}") = "Baitap5", "Baitap5\Baitap5.csproj", "{8ED463FC-C46C-4251-9912-6DEB47B91BBE}"
EndProject
Global
	GlobalSection(SolutionConfigurationPlatforms) = preSolution
		Debug|Any CPU = Debug|Any CPU
		Release|Any CPU = Release|Any CPU
	EndGlobalSection
	GlobalSection(ProjectConfigurationPlatforms) = postSolution
		{8ED463FC-C46C-4251-9912-6DEB47B91BBE}.Debug|Any CPU.ActiveCfg = Debug|Any CPU
		{8ED463FC-C46C-4251-9912-6DEB47B91BBE}.Debug|Any CPU.Build.0 = Debug|Any CPU
		{8ED463FC-C46C-4251-9912-6DEB47B91BBE}.Release|Any CPU.ActiveCfg = Release|Any CPU
		{8ED463FC-C46C-4251-9912-6DEB47B91BBE}.Release|Any CPU.Build.0 = Release|Any CPU
	EndGlobalSection
	GlobalSection(SolutionProperties) = preSolution
		HideSolutionNode = FALSE
	EndGlobalSection
	GlobalSection(ExtensibilityGlobals) = postSolution
		SolutionGuid = {CF644BFD-BE72-4C3E-A8F6-49316CA635C8}
	EndGlobalSection
EndGlobal
